
Microsoft Visual Studio Solution File, Format Version 12.00
# Visual Studio Version 16
VisualStudioVersion = 16.0.28803.156
MinimumVisualStudioVersion = 10.0.40219.1
Project("{F184B08F-C81C-45F6-A57F-5ABD9991F28F}") = "ServerManager", "ServerManager\ServerManager.vbproj", "{65C8EA07-ADCC-41B9-B7B6-F8A358132571}"
EndProject
Project("{2150E333-8FDC-42A3-9474-1A3956D46DE8}") = "Solution Items", "Solution Items", "{C3D3EEA6-C2E3-4BE7-83A8-D176ECF6B1CC}"
	ProjectSection(SolutionItems) = preProject
		.gitignore = .gitignore
	EndProjectSection
EndProject
Project("{F184B08F-C81C-45F6-A57F-5ABD9991F28F}") = "ServerManager.Core", "ServerManager.Core\ServerManager.Core.vbproj", "{1D6E5DA3-066B-4ADF-AAFF-C97DC09B32C1}"
EndProject
Global
	GlobalSection(SolutionConfigurationPlatforms) = preSolution
		AlphaBuild|Any CPU = AlphaBuild|Any CPU
		AlphaBuild|x86 = AlphaBuild|x86
		Debug|Any CPU = Debug|Any CPU
		Debug|x86 = Debug|x86
		Release|Any CPU = Release|Any CPU
		Release|x86 = Release|x86
	EndGlobalSection
	GlobalSection(ProjectConfigurationPlatforms) = postSolution
		{65C8EA07-ADCC-41B9-B7B6-F8A358132571}.AlphaBuild|Any CPU.ActiveCfg = AlphaBuild|Any CPU
		{65C8EA07-ADCC-41B9-B7B6-F8A358132571}.AlphaBuild|Any CPU.Build.0 = AlphaBuild|Any CPU
		{65C8EA07-ADCC-41B9-B7B6-F8A358132571}.AlphaBuild|x86.ActiveCfg = AlphaBuild|x86
		{65C8EA07-ADCC-41B9-B7B6-F8A358132571}.AlphaBuild|x86.Build.0 = AlphaBuild|x86
		{65C8EA07-ADCC-41B9-B7B6-F8A358132571}.Debug|Any CPU.ActiveCfg = Debug|Any CPU
		{65C8EA07-ADCC-41B9-B7B6-F8A358132571}.Debug|Any CPU.Build.0 = Debug|Any CPU
		{65C8EA07-ADCC-41B9-B7B6-F8A358132571}.Debug|x86.ActiveCfg = Debug|x86
		{65C8EA07-ADCC-41B9-B7B6-F8A358132571}.Debug|x86.Build.0 = Debug|x86
		{65C8EA07-ADCC-41B9-B7B6-F8A358132571}.Release|Any CPU.ActiveCfg = Release|Any CPU
		{65C8EA07-ADCC-41B9-B7B6-F8A358132571}.Release|Any CPU.Build.0 = Release|Any CPU
		{65C8EA07-ADCC-41B9-B7B6-F8A358132571}.Release|x86.ActiveCfg = Release|x86
		{65C8EA07-ADCC-41B9-B7B6-F8A358132571}.Release|x86.Build.0 = Release|x86
		{1D6E5DA3-066B-4ADF-AAFF-C97DC09B32C1}.AlphaBuild|Any CPU.ActiveCfg = Release|Any CPU
		{1D6E5DA3-066B-4ADF-AAFF-C97DC09B32C1}.AlphaBuild|Any CPU.Build.0 = Release|Any CPU
		{1D6E5DA3-066B-4ADF-AAFF-C97DC09B32C1}.AlphaBuild|x86.ActiveCfg = Release|Any CPU
		{1D6E5DA3-066B-4ADF-AAFF-C97DC09B32C1}.AlphaBuild|x86.Build.0 = Release|Any CPU
		{1D6E5DA3-066B-4ADF-AAFF-C97DC09B32C1}.Debug|Any CPU.ActiveCfg = Debug|Any CPU
		{1D6E5DA3-066B-4ADF-AAFF-C97DC09B32C1}.Debug|Any CPU.Build.0 = Debug|Any CPU
		{1D6E5DA3-066B-4ADF-AAFF-C97DC09B32C1}.Debug|x86.ActiveCfg = Debug|Any CPU
		{1D6E5DA3-066B-4ADF-AAFF-C97DC09B32C1}.Debug|x86.Build.0 = Debug|Any CPU
		{1D6E5DA3-066B-4ADF-AAFF-C97DC09B32C1}.Release|Any CPU.ActiveCfg = Release|Any CPU
		{1D6E5DA3-066B-4ADF-AAFF-C97DC09B32C1}.Release|Any CPU.Build.0 = Release|Any CPU
		{1D6E5DA3-066B-4ADF-AAFF-C97DC09B32C1}.Release|x86.ActiveCfg = Release|Any CPU
		{1D6E5DA3-066B-4ADF-AAFF-C97DC09B32C1}.Release|x86.Build.0 = Release|Any CPU
	EndGlobalSection
	GlobalSection(SolutionProperties) = preSolution
		HideSolutionNode = FALSE
	EndGlobalSection
	GlobalSection(ExtensibilityGlobals) = postSolution
		SolutionGuid = {F55C4D50-6856-4986-A0FC-77000446D40C}
	EndGlobalSection
EndGlobal
