
Microsoft Visual Studio Solution File, Format Version 12.00
# Visual Studio 15
VisualStudioVersion = 15.0.28307.106
MinimumVisualStudioVersion = 10.0.40219.1
Project("{F184B08F-C81C-45F6-A57F-5ABD9991F28F}") = "ServerManager", "ServerManager\ServerManager.vbproj", "{65C8EA07-ADCC-41B9-B7B6-F8A358132571}"
EndProject
Project("{F184B08F-C81C-45F6-A57F-5ABD9991F28F}") = "MinecraftGUI", "MinecraftGUI\MinecraftGUI.vbproj", "{7DF77D20-FCBA-4EE4-A5E8-1883F4876261}"
EndProject
Project("{F184B08F-C81C-45F6-A57F-5ABD9991F28F}") = "PortListener", "PortListener\PortListener.vbproj", "{3D364EF8-0E51-41B5-9601-963BE2C0D38E}"
EndProject
Project("{FAE04EC0-301F-11D3-BF4B-00C04F79EFBC}") = "FTPServerLib", "FTPServerLib\FTPServerLib.csproj", "{2F06F75D-0A91-4C36-846F-B7644C37D1C5}"
EndProject
Project("{2150E333-8FDC-42A3-9474-1A3956D46DE8}") = "Solution Items", "Solution Items", "{C3D3EEA6-C2E3-4BE7-83A8-D176ECF6B1CC}"
	ProjectSection(SolutionItems) = preProject
		.gitignore = .gitignore
	EndProjectSection
EndProject
Project("{F184B08F-C81C-45F6-A57F-5ABD9991F28F}") = "ServerManagerMain", "ServerManagerMain\ServerManagerMain.vbproj", "{E881A0A6-FB00-4EB7-88E1-FA75FA20A57B}"
EndProject
Global
	GlobalSection(SolutionConfigurationPlatforms) = preSolution
		AlphaBuild|Any CPU = AlphaBuild|Any CPU
		AlphaBuild|x86 = AlphaBuild|x86
		Debug|Any CPU = Debug|Any CPU
		Debug|x86 = Debug|x86
		Release|Any CPU = Release|Any CPU
		Release|x86 = Release|x86
	EndGlobalSection
	GlobalSection(ProjectConfigurationPlatforms) = postSolution
		{65C8EA07-ADCC-41B9-B7B6-F8A358132571}.AlphaBuild|Any CPU.ActiveCfg = AlphaBuild|Any CPU
		{65C8EA07-ADCC-41B9-B7B6-F8A358132571}.AlphaBuild|Any CPU.Build.0 = AlphaBuild|Any CPU
		{65C8EA07-ADCC-41B9-B7B6-F8A358132571}.AlphaBuild|x86.ActiveCfg = AlphaBuild|x86
		{65C8EA07-ADCC-41B9-B7B6-F8A358132571}.AlphaBuild|x86.Build.0 = AlphaBuild|x86
		{65C8EA07-ADCC-41B9-B7B6-F8A358132571}.Debug|Any CPU.ActiveCfg = Debug|Any CPU
		{65C8EA07-ADCC-41B9-B7B6-F8A358132571}.Debug|Any CPU.Build.0 = Debug|Any CPU
		{65C8EA07-ADCC-41B9-B7B6-F8A358132571}.Debug|x86.ActiveCfg = Debug|x86
		{65C8EA07-ADCC-41B9-B7B6-F8A358132571}.Debug|x86.Build.0 = Debug|x86
		{65C8EA07-ADCC-41B9-B7B6-F8A358132571}.Release|Any CPU.ActiveCfg = Release|Any CPU
		{65C8EA07-ADCC-41B9-B7B6-F8A358132571}.Release|Any CPU.Build.0 = Release|Any CPU
		{65C8EA07-ADCC-41B9-B7B6-F8A358132571}.Release|x86.ActiveCfg = Release|x86
		{65C8EA07-ADCC-41B9-B7B6-F8A358132571}.Release|x86.Build.0 = Release|x86
		{7DF77D20-FCBA-4EE4-A5E8-1883F4876261}.AlphaBuild|Any CPU.ActiveCfg = Debug|Any CPU
		{7DF77D20-FCBA-4EE4-A5E8-1883F4876261}.AlphaBuild|Any CPU.Build.0 = Debug|Any CPU
		{7DF77D20-FCBA-4EE4-A5E8-1883F4876261}.AlphaBuild|x86.ActiveCfg = AlphaBuild|x86
		{7DF77D20-FCBA-4EE4-A5E8-1883F4876261}.AlphaBuild|x86.Build.0 = AlphaBuild|x86
		{7DF77D20-FCBA-4EE4-A5E8-1883F4876261}.Debug|Any CPU.ActiveCfg = Debug|x86
		{7DF77D20-FCBA-4EE4-A5E8-1883F4876261}.Debug|Any CPU.Build.0 = Debug|x86
		{7DF77D20-FCBA-4EE4-A5E8-1883F4876261}.Debug|x86.ActiveCfg = Debug|x86
		{7DF77D20-FCBA-4EE4-A5E8-1883F4876261}.Debug|x86.Build.0 = Debug|x86
		{7DF77D20-FCBA-4EE4-A5E8-1883F4876261}.Release|Any CPU.ActiveCfg = Release|Any CPU
		{7DF77D20-FCBA-4EE4-A5E8-1883F4876261}.Release|Any CPU.Build.0 = Release|Any CPU
		{7DF77D20-FCBA-4EE4-A5E8-1883F4876261}.Release|x86.ActiveCfg = Release|x86
		{7DF77D20-FCBA-4EE4-A5E8-1883F4876261}.Release|x86.Build.0 = Release|x86
		{3D364EF8-0E51-41B5-9601-963BE2C0D38E}.AlphaBuild|Any CPU.ActiveCfg = Debug|Any CPU
		{3D364EF8-0E51-41B5-9601-963BE2C0D38E}.AlphaBuild|Any CPU.Build.0 = Debug|Any CPU
		{3D364EF8-0E51-41B5-9601-963BE2C0D38E}.AlphaBuild|x86.ActiveCfg = AlphaBuild|x86
		{3D364EF8-0E51-41B5-9601-963BE2C0D38E}.AlphaBuild|x86.Build.0 = AlphaBuild|x86
		{3D364EF8-0E51-41B5-9601-963BE2C0D38E}.Debug|Any CPU.ActiveCfg = Debug|Any CPU
		{3D364EF8-0E51-41B5-9601-963BE2C0D38E}.Debug|Any CPU.Build.0 = Debug|Any CPU
		{3D364EF8-0E51-41B5-9601-963BE2C0D38E}.Debug|x86.ActiveCfg = Debug|x86
		{3D364EF8-0E51-41B5-9601-963BE2C0D38E}.Debug|x86.Build.0 = Debug|x86
		{3D364EF8-0E51-41B5-9601-963BE2C0D38E}.Release|Any CPU.ActiveCfg = Release|Any CPU
		{3D364EF8-0E51-41B5-9601-963BE2C0D38E}.Release|Any CPU.Build.0 = Release|Any CPU
		{3D364EF8-0E51-41B5-9601-963BE2C0D38E}.Release|x86.ActiveCfg = Release|x86
		{3D364EF8-0E51-41B5-9601-963BE2C0D38E}.Release|x86.Build.0 = Release|x86
		{2F06F75D-0A91-4C36-846F-B7644C37D1C5}.AlphaBuild|Any CPU.ActiveCfg = Release|Any CPU
		{2F06F75D-0A91-4C36-846F-B7644C37D1C5}.AlphaBuild|Any CPU.Build.0 = Release|Any CPU
		{2F06F75D-0A91-4C36-846F-B7644C37D1C5}.AlphaBuild|x86.ActiveCfg = Release|Any CPU
		{2F06F75D-0A91-4C36-846F-B7644C37D1C5}.AlphaBuild|x86.Build.0 = Release|Any CPU
		{2F06F75D-0A91-4C36-846F-B7644C37D1C5}.Debug|Any CPU.ActiveCfg = Debug|Any CPU
		{2F06F75D-0A91-4C36-846F-B7644C37D1C5}.Debug|Any CPU.Build.0 = Debug|Any CPU
		{2F06F75D-0A91-4C36-846F-B7644C37D1C5}.Debug|x86.ActiveCfg = Debug|Any CPU
		{2F06F75D-0A91-4C36-846F-B7644C37D1C5}.Debug|x86.Build.0 = Debug|Any CPU
		{2F06F75D-0A91-4C36-846F-B7644C37D1C5}.Release|Any CPU.ActiveCfg = Release|Any CPU
		{2F06F75D-0A91-4C36-846F-B7644C37D1C5}.Release|Any CPU.Build.0 = Release|Any CPU
		{2F06F75D-0A91-4C36-846F-B7644C37D1C5}.Release|x86.ActiveCfg = Release|Any CPU
		{2F06F75D-0A91-4C36-846F-B7644C37D1C5}.Release|x86.Build.0 = Release|Any CPU
		{E881A0A6-FB00-4EB7-88E1-FA75FA20A57B}.AlphaBuild|Any CPU.ActiveCfg = Debug|Any CPU
		{E881A0A6-FB00-4EB7-88E1-FA75FA20A57B}.AlphaBuild|Any CPU.Build.0 = Debug|Any CPU
		{E881A0A6-FB00-4EB7-88E1-FA75FA20A57B}.AlphaBuild|x86.ActiveCfg = Debug|Any CPU
		{E881A0A6-FB00-4EB7-88E1-FA75FA20A57B}.AlphaBuild|x86.Build.0 = Debug|Any CPU
		{E881A0A6-FB00-4EB7-88E1-FA75FA20A57B}.Debug|Any CPU.ActiveCfg = Debug|Any CPU
		{E881A0A6-FB00-4EB7-88E1-FA75FA20A57B}.Debug|Any CPU.Build.0 = Debug|Any CPU
		{E881A0A6-FB00-4EB7-88E1-FA75FA20A57B}.Debug|x86.ActiveCfg = Debug|Any CPU
		{E881A0A6-FB00-4EB7-88E1-FA75FA20A57B}.Debug|x86.Build.0 = Debug|Any CPU
		{E881A0A6-FB00-4EB7-88E1-FA75FA20A57B}.Release|Any CPU.ActiveCfg = Release|Any CPU
		{E881A0A6-FB00-4EB7-88E1-FA75FA20A57B}.Release|Any CPU.Build.0 = Release|Any CPU
		{E881A0A6-FB00-4EB7-88E1-FA75FA20A57B}.Release|x86.ActiveCfg = Release|Any CPU
		{E881A0A6-FB00-4EB7-88E1-FA75FA20A57B}.Release|x86.Build.0 = Release|Any CPU
	EndGlobalSection
	GlobalSection(SolutionProperties) = preSolution
		HideSolutionNode = FALSE
	EndGlobalSection
	GlobalSection(ExtensibilityGlobals) = postSolution
		SolutionGuid = {F55C4D50-6856-4986-A0FC-77000446D40C}
	EndGlobalSection
EndGlobal
